<Solution>
  <Configurations>
    <Platform Name="Any CPU" />
    <Platform Name="x64" />
    <Platform Name="x86" />
  </Configurations>
  <Folder Name="/src/">
    <Project Path="src/KidCon.Database.Entities/KidCon.Database.Entities.csproj">
      <Configuration Solution="Debug|x64" Project="Debug|Any CPU" />
      <Configuration Solution="Debug|x86" Project="Debug|Any CPU" />
      <Configuration Solution="Release|x64" Project="Release|Any CPU" />
      <Configuration Solution="Release|x86" Project="Release|Any CPU" />
    </Project>
    <Project Path="src/KidCon.WebApp.Client/KidCon.WebApp.Client.csproj" Type="Classic C#">
      <Configuration Solution="Debug|x64" Project="Debug|Any CPU" />
      <Configuration Solution="Debug|x86" Project="Debug|Any CPU" />
      <Configuration Solution="Release|x64" Project="Release|Any CPU" />
      <Configuration Solution="Release|x86" Project="Release|Any CPU" />
    </Project>
    <Project Path="src/KidCon.WebApp/KidCon.WebApp.csproj" Type="Classic C#">
      <Configuration Solution="Debug|x64" Project="Debug|Any CPU" />
      <Configuration Solution="Debug|x86" Project="Debug|Any CPU" />
      <Configuration Solution="Release|x64" Project="Release|Any CPU" />
      <Configuration Solution="Release|x86" Project="Release|Any CPU" />
    </Project>
  </Folder>
</Solution>