
Microsoft Visual Studio Solution File, Format Version 12.00
# Visual Studio 15
Project("{FAE04EC0-301F-11D3-BF4B-00C04F79EFBC}") = "Kidcon.Client", "Client\Kidcon.Client.csproj", "{275D82A2-8D35-4395-97E2-19F3C6E893E0}"
EndProject
Project("{FAE04EC0-301F-11D3-BF4B-00C04F79EFBC}") = "Kidcon.Shared", "Shared\Kidcon.Shared.csproj", "{F5BCCECE-0B50-4FBF-8104-CCF7BB1A1F0C}"
EndProject
Project("{FAE04EC0-301F-11D3-BF4B-00C04F79EFBC}") = "Kidcon.Server", "Server\Kidcon.Server.csproj", "{D6BCBB4A-659F-492B-B540-C97B90C23863}"
EndProject
Project("{FAE04EC0-301F-11D3-BF4B-00C04F79EFBC}") = "Kidcon.WebApi", "WebApi\Kidcon.WebApi.csproj", "{9074C89C-E827-44B7-8834-CC6F164F7AE7}"
EndProject
Global
	GlobalSection(SolutionConfigurationPlatforms) = preSolution
		Debug|Any CPU = Debug|Any CPU
		Release|Any CPU = Release|Any CPU
	EndGlobalSection
	GlobalSection(ProjectConfigurationPlatforms) = postSolution
		{275D82A2-8D35-4395-97E2-19F3C6E893E0}.Debug|Any CPU.ActiveCfg = Debug|Any CPU
		{275D82A2-8D35-4395-97E2-19F3C6E893E0}.Debug|Any CPU.Build.0 = Debug|Any CPU
		{275D82A2-8D35-4395-97E2-19F3C6E893E0}.Release|Any CPU.ActiveCfg = Release|Any CPU
		{275D82A2-8D35-4395-97E2-19F3C6E893E0}.Release|Any CPU.Build.0 = Release|Any CPU
		{F5BCCECE-0B50-4FBF-8104-CCF7BB1A1F0C}.Debug|Any CPU.ActiveCfg = Debug|Any CPU
		{F5BCCECE-0B50-4FBF-8104-CCF7BB1A1F0C}.Debug|Any CPU.Build.0 = Debug|Any CPU
		{F5BCCECE-0B50-4FBF-8104-CCF7BB1A1F0C}.Release|Any CPU.ActiveCfg = Release|Any CPU
		{F5BCCECE-0B50-4FBF-8104-CCF7BB1A1F0C}.Release|Any CPU.Build.0 = Release|Any CPU
		{D6BCBB4A-659F-492B-B540-C97B90C23863}.Debug|Any CPU.ActiveCfg = Debug|Any CPU
		{D6BCBB4A-659F-492B-B540-C97B90C23863}.Debug|Any CPU.Build.0 = Debug|Any CPU
		{D6BCBB4A-659F-492B-B540-C97B90C23863}.Release|Any CPU.ActiveCfg = Release|Any CPU
		{D6BCBB4A-659F-492B-B540-C97B90C23863}.Release|Any CPU.Build.0 = Release|Any CPU
		{9074C89C-E827-44B7-8834-CC6F164F7AE7}.Debug|Any CPU.ActiveCfg = Debug|Any CPU
		{9074C89C-E827-44B7-8834-CC6F164F7AE7}.Debug|Any CPU.Build.0 = Debug|Any CPU
		{9074C89C-E827-44B7-8834-CC6F164F7AE7}.Release|Any CPU.ActiveCfg = Release|Any CPU
		{9074C89C-E827-44B7-8834-CC6F164F7AE7}.Release|Any CPU.Build.0 = Release|Any CPU
	EndGlobalSection
EndGlobal
