
Microsoft Visual Studio Solution File, Format Version 12.00
# Visual Studio 15
Project("{FAE04EC0-301F-11D3-BF4B-00C04F79EFBC}") = "Kidcon.Server", "Kidcon.Server\Kidcon.Server.csproj", "{CDE7EFF1-F5DA-4F0F-AF12-613029F44C28}"
EndProject
Project("{FAE04EC0-301F-11D3-BF4B-00C04F79EFBC}") = "Kidcon.Shared", "Kidcon.Shared\Kidcon.Shared.csproj", "{941548BE-D2CB-4E3E-9586-5F6B6DCBC101}"
EndProject
Project("{FAE04EC0-301F-11D3-BF4B-00C04F79EFBC}") = "Kidcon.WebApi", "Kidcon.WebApi\Kidcon.WebApi.csproj", "{B865C43E-6DD7-456A-83E4-36A59B4488EA}"
EndProject
Project("{FAE04EC0-301F-11D3-BF4B-00C04F79EFBC}") = "Kidcon.Client", "Client\Kidcon.Client.csproj", "{9256759D-988D-4355-B7E6-90C5B58AE1BD}"
EndProject
Global
	GlobalSection(SolutionConfigurationPlatforms) = preSolution
		Debug|Any CPU = Debug|Any CPU
		Release|Any CPU = Release|Any CPU
	EndGlobalSection
	GlobalSection(ProjectConfigurationPlatforms) = postSolution
		{CDE7EFF1-F5DA-4F0F-AF12-613029F44C28}.Debug|Any CPU.ActiveCfg = Debug|Any CPU
		{CDE7EFF1-F5DA-4F0F-AF12-613029F44C28}.Debug|Any CPU.Build.0 = Debug|Any CPU
		{CDE7EFF1-F5DA-4F0F-AF12-613029F44C28}.Release|Any CPU.ActiveCfg = Release|Any CPU
		{CDE7EFF1-F5DA-4F0F-AF12-613029F44C28}.Release|Any CPU.Build.0 = Release|Any CPU
		{941548BE-D2CB-4E3E-9586-5F6B6DCBC101}.Debug|Any CPU.ActiveCfg = Debug|Any CPU
		{941548BE-D2CB-4E3E-9586-5F6B6DCBC101}.Debug|Any CPU.Build.0 = Debug|Any CPU
		{941548BE-D2CB-4E3E-9586-5F6B6DCBC101}.Release|Any CPU.ActiveCfg = Release|Any CPU
		{941548BE-D2CB-4E3E-9586-5F6B6DCBC101}.Release|Any CPU.Build.0 = Release|Any CPU
		{B865C43E-6DD7-456A-83E4-36A59B4488EA}.Debug|Any CPU.ActiveCfg = Debug|Any CPU
		{B865C43E-6DD7-456A-83E4-36A59B4488EA}.Debug|Any CPU.Build.0 = Debug|Any CPU
		{B865C43E-6DD7-456A-83E4-36A59B4488EA}.Release|Any CPU.ActiveCfg = Release|Any CPU
		{B865C43E-6DD7-456A-83E4-36A59B4488EA}.Release|Any CPU.Build.0 = Release|Any CPU
		{9256759D-988D-4355-B7E6-90C5B58AE1BD}.Debug|Any CPU.ActiveCfg = Debug|Any CPU
		{9256759D-988D-4355-B7E6-90C5B58AE1BD}.Debug|Any CPU.Build.0 = Debug|Any CPU
		{9256759D-988D-4355-B7E6-90C5B58AE1BD}.Release|Any CPU.ActiveCfg = Release|Any CPU
		{9256759D-988D-4355-B7E6-90C5B58AE1BD}.Release|Any CPU.Build.0 = Release|Any CPU
	EndGlobalSection
EndGlobal
